
Microsoft Visual Studio Solution File, Format Version 12.00
# Visual Studio Version 17
VisualStudioVersion = 17.3.32922.545
MinimumVisualStudioVersion = 10.0.40219.1
Project("{FAE04EC0-301F-11D3-BF4B-00C04F79EFBC}") = "CORERenderer", "CORERenderer.csproj", "{73190380-90C5-4241-BBD1-6010D2833D69}"
EndProject
Global
	GlobalSection(SolutionConfigurationPlatforms) = preSolution
		Debug|Any CPU = Debug|Any CPU
		Release|Any CPU = Release|Any CPU
	EndGlobalSection
	GlobalSection(ProjectConfigurationPlatforms) = postSolution
		{73190380-90C5-4241-BBD1-6010D2833D69}.Debug|Any CPU.ActiveCfg = Debug|Any CPU
		{73190380-90C5-4241-BBD1-6010D2833D69}.Debug|Any CPU.Build.0 = Debug|Any CPU
		{73190380-90C5-4241-BBD1-6010D2833D69}.Release|Any CPU.ActiveCfg = Release|Any CPU
		{73190380-90C5-4241-BBD1-6010D2833D69}.Release|Any CPU.Build.0 = Release|Any CPU
	EndGlobalSection
	GlobalSection(SolutionProperties) = preSolution
		HideSolutionNode = FALSE
	EndGlobalSection
	GlobalSection(ExtensibilityGlobals) = postSolution
		SolutionGuid = {7B4AAE25-4597-44C2-A866-C8C9B17C3EC6}
	EndGlobalSection
EndGlobal
